{
  "requires": true,
  "lockfileVersion": 1,
  "dependencies": {
    "webix": {
      "version": "7.2.0",
      "resolved": "https://registry.npmjs.org/webix/-/webix-7.2.0.tgz",
      "integrity": "sha512-guvhIzC8rlH9Xq2paFGdvHwYaXBEvIsr8+vSN3f2fJX+AVT9nCBEVYLbkvekugGiB+1c7pfYKUZsmZBeTJJaKg=="
    }
  }
}
